
Microsoft Visual Studio Solution File, Format Version 12.00
# Visual Studio 14
VisualStudioVersion = 14.0.24720.0
MinimumVisualStudioVersion = 10.0.40219.1
Project("{FAE04EC0-301F-11D3-BF4B-00C04F79EFBC}") = "StrangeIoC-Hollywood-extension", "StrangeIoC-Hollywood-extension.csproj", "{53FD7240-DFFB-4A52-A5FC-A57CCA5E3F61}"
EndProject
Project("{FAE04EC0-301F-11D3-BF4B-00C04F79EFBC}") = "StrangeIOC", "..\..\..\strange-core-master\StrangeIOC.csproj", "{131086B6-7F6C-4A71-849F-101B07F9AE0D}"
EndProject
Global
	GlobalSection(SolutionConfigurationPlatforms) = preSolution
		Debug|Any CPU = Debug|Any CPU
		Release|Any CPU = Release|Any CPU
	EndGlobalSection
	GlobalSection(ProjectConfigurationPlatforms) = postSolution
		{53FD7240-DFFB-4A52-A5FC-A57CCA5E3F61}.Debug|Any CPU.ActiveCfg = Debug|Any CPU
		{53FD7240-DFFB-4A52-A5FC-A57CCA5E3F61}.Debug|Any CPU.Build.0 = Debug|Any CPU
		{53FD7240-DFFB-4A52-A5FC-A57CCA5E3F61}.Release|Any CPU.ActiveCfg = Release|Any CPU
		{53FD7240-DFFB-4A52-A5FC-A57CCA5E3F61}.Release|Any CPU.Build.0 = Release|Any CPU
		{131086B6-7F6C-4A71-849F-101B07F9AE0D}.Debug|Any CPU.ActiveCfg = Debug|Any CPU
		{131086B6-7F6C-4A71-849F-101B07F9AE0D}.Debug|Any CPU.Build.0 = Debug|Any CPU
		{131086B6-7F6C-4A71-849F-101B07F9AE0D}.Release|Any CPU.ActiveCfg = Release|Any CPU
		{131086B6-7F6C-4A71-849F-101B07F9AE0D}.Release|Any CPU.Build.0 = Release|Any CPU
	EndGlobalSection
	GlobalSection(SolutionProperties) = preSolution
		HideSolutionNode = FALSE
	EndGlobalSection
EndGlobal
